// !$*UTF8*$!
{
	archiveVersion = 1;
	classes = {
	};
	objectVersion = 48;
	objects = {

/* Begin PBXBuildFile section */
		C24B9B0F2027F6EE00C2DD45 /* ButtonInfo.swift in Sources */ = {isa = PBXBuildFile; fileRef = C24B9B0E2027F6EE00C2DD45 /* ButtonInfo.swift */; };
		D5798F4B20293A1F0059399C /* Human Respiratory.pdf in Resources */ = {isa = PBXBuildFile; fileRef = D5798F4A20293A1F0059399C /* Human Respiratory.pdf */; };
		D581DFAF2024242800DF57A1 /* Info.plist in Resources */ = {isa = PBXBuildFile; fileRef = D581DFAE2024242800DF57A1 /* Info.plist */; };
		D58C523920319218002741AE /* AppDelegate.swift in Sources */ = {isa = PBXBuildFile; fileRef = D58C523820319218002741AE /* AppDelegate.swift */; };
		D58C523C2031922B002741AE /* FileViewController.swift in Sources */ = {isa = PBXBuildFile; fileRef = D58C523A2031922B002741AE /* FileViewController.swift */; };
		D58C523D2031922B002741AE /* FolderViewController.swift in Sources */ = {isa = PBXBuildFile; fileRef = D58C523B2031922B002741AE /* FolderViewController.swift */; };
		D5A02EC72018582400AE211D /* ViewController.swift in Sources */ = {isa = PBXBuildFile; fileRef = D5A02EC62018582400AE211D /* ViewController.swift */; };
		D5A02ECA2018582400AE211D /* Main.storyboard in Resources */ = {isa = PBXBuildFile; fileRef = D5A02EC82018582400AE211D /* Main.storyboard */; };
		D5A02ECC2018582400AE211D /* Assets.xcassets in Resources */ = {isa = PBXBuildFile; fileRef = D5A02ECB2018582400AE211D /* Assets.xcassets */; };
		D5A02ECF2018582400AE211D /* LaunchScreen.storyboard in Resources */ = {isa = PBXBuildFile; fileRef = D5A02ECD2018582400AE211D /* LaunchScreen.storyboard */; };
		D5A02EE42018658C00AE211D /* pdfViewController.swift in Sources */ = {isa = PBXBuildFile; fileRef = D5A02EE32018658C00AE211D /* pdfViewController.swift */; };
		D5A02EE6201867E600AE211D /* sideBarViewController.swift in Sources */ = {isa = PBXBuildFile; fileRef = D5A02EE5201867E600AE211D /* sideBarViewController.swift */; };
		D5A02EE820186E6F00AE211D /* revealViewController.swift in Sources */ = {isa = PBXBuildFile; fileRef = D5A02EE720186E6F00AE211D /* revealViewController.swift */; };
		D5F22611201B1495009999DB /* Info.plist in Resources */ = {isa = PBXBuildFile; fileRef = D5F2260D201B1494009999DB /* Info.plist */; };
		D5F22612201B1495009999DB /* Toolbar.swift in Sources */ = {isa = PBXBuildFile; fileRef = D5F2260F201B1494009999DB /* Toolbar.swift */; };
		D5F22613201B1495009999DB /* ToolbarItem.swift in Sources */ = {isa = PBXBuildFile; fileRef = D5F22610201B1494009999DB /* ToolbarItem.swift */; };
		DD4CCB852045291B00BF9BDF /* SearchViewController.swift in Sources */ = {isa = PBXBuildFile; fileRef = DD4CCB842045291A00BF9BDF /* SearchViewController.swift */; };
		DD4CCB8720452B9600BF9BDF /* SearchResultsCell.swift in Sources */ = {isa = PBXBuildFile; fileRef = DD4CCB8620452B9600BF9BDF /* SearchResultsCell.swift */; };
		DD513B2C204538F10089836E /* SearchResultsCell.xib in Resources */ = {isa = PBXBuildFile; fileRef = DD513B2B204538F10089836E /* SearchResultsCell.xib */; };
		DD513B3220455AB00089836E /* ThumbnailGridViewController.swift in Sources */ = {isa = PBXBuildFile; fileRef = DD513B3120455AB00089836E /* ThumbnailGridViewController.swift */; };
		DD513B3420455AB80089836E /* ThumbnailGridCell.swift in Sources */ = {isa = PBXBuildFile; fileRef = DD513B3320455AB80089836E /* ThumbnailGridCell.swift */; };
		DD513B392045710C0089836E /* ThumbnailGridCell.xib in Resources */ = {isa = PBXBuildFile; fileRef = DD513B372045710B0089836E /* ThumbnailGridCell.xib */; };
/* End PBXBuildFile section */

/* Begin PBXFileReference section */
		C24B9B0E2027F6EE00C2DD45 /* ButtonInfo.swift */ = {isa = PBXFileReference; fileEncoding = 4; lastKnownFileType = sourcecode.swift; path = ButtonInfo.swift; sourceTree = "<group>"; };
		D5798F4A20293A1F0059399C /* Human Respiratory.pdf */ = {isa = PBXFileReference; lastKnownFileType = image.pdf; path = "Human Respiratory.pdf"; sourceTree = "<group>"; };
		D581DFAE2024242800DF57A1 /* Info.plist */ = {isa = PBXFileReference; fileEncoding = 4; lastKnownFileType = text.plist.xml; path = Info.plist; sourceTree = "<group>"; };
		D58C523820319218002741AE /* AppDelegate.swift */ = {isa = PBXFileReference; fileEncoding = 4; lastKnownFileType = sourcecode.swift; path = AppDelegate.swift; sourceTree = "<group>"; };
		D58C523A2031922B002741AE /* FileViewController.swift */ = {isa = PBXFileReference; fileEncoding = 4; lastKnownFileType = sourcecode.swift; path = FileViewController.swift; sourceTree = "<group>"; };
		D58C523B2031922B002741AE /* FolderViewController.swift */ = {isa = PBXFileReference; fileEncoding = 4; lastKnownFileType = sourcecode.swift; path = FolderViewController.swift; sourceTree = "<group>"; };
		D5A02EC12018582400AE211D /* RecordApp0124.app */ = {isa = PBXFileReference; explicitFileType = wrapper.application; includeInIndex = 0; path = RecordApp0124.app; sourceTree = BUILT_PRODUCTS_DIR; };
		D5A02EC62018582400AE211D /* ViewController.swift */ = {isa = PBXFileReference; lastKnownFileType = sourcecode.swift; path = ViewController.swift; sourceTree = "<group>"; };
		D5A02EC92018582400AE211D /* Base */ = {isa = PBXFileReference; lastKnownFileType = file.storyboard; name = Base; path = Base.lproj/Main.storyboard; sourceTree = "<group>"; };
		D5A02ECB2018582400AE211D /* Assets.xcassets */ = {isa = PBXFileReference; lastKnownFileType = folder.assetcatalog; path = Assets.xcassets; sourceTree = "<group>"; };
		D5A02ECE2018582400AE211D /* Base */ = {isa = PBXFileReference; lastKnownFileType = file.storyboard; name = Base; path = Base.lproj/LaunchScreen.storyboard; sourceTree = "<group>"; };
		D5A02EE32018658C00AE211D /* pdfViewController.swift */ = {isa = PBXFileReference; lastKnownFileType = sourcecode.swift; path = pdfViewController.swift; sourceTree = "<group>"; };
		D5A02EE5201867E600AE211D /* sideBarViewController.swift */ = {isa = PBXFileReference; lastKnownFileType = sourcecode.swift; path = sideBarViewController.swift; sourceTree = "<group>"; };
		D5A02EE720186E6F00AE211D /* revealViewController.swift */ = {isa = PBXFileReference; lastKnownFileType = sourcecode.swift; path = revealViewController.swift; sourceTree = "<group>"; };
		D5F2260D201B1494009999DB /* Info.plist */ = {isa = PBXFileReference; fileEncoding = 4; lastKnownFileType = text.plist.xml; path = Info.plist; sourceTree = "<group>"; };
		D5F2260E201B1494009999DB /* Toolbar.h */ = {isa = PBXFileReference; fileEncoding = 4; lastKnownFileType = sourcecode.c.h; path = Toolbar.h; sourceTree = "<group>"; };
		D5F2260F201B1494009999DB /* Toolbar.swift */ = {isa = PBXFileReference; fileEncoding = 4; lastKnownFileType = sourcecode.swift; path = Toolbar.swift; sourceTree = "<group>"; };
		D5F22610201B1494009999DB /* ToolbarItem.swift */ = {isa = PBXFileReference; fileEncoding = 4; lastKnownFileType = sourcecode.swift; path = ToolbarItem.swift; sourceTree = "<group>"; };
		DD4CCB842045291A00BF9BDF /* SearchViewController.swift */ = {isa = PBXFileReference; fileEncoding = 4; lastKnownFileType = sourcecode.swift; name = SearchViewController.swift; path = ../../BookReader/BookReader/SearchViewController.swift; sourceTree = "<group>"; };
		DD4CCB8620452B9600BF9BDF /* SearchResultsCell.swift */ = {isa = PBXFileReference; fileEncoding = 4; lastKnownFileType = sourcecode.swift; name = SearchResultsCell.swift; path = ../../BookReader/BookReader/SearchResultsCell.swift; sourceTree = "<group>"; };
		DD513B2B204538F10089836E /* SearchResultsCell.xib */ = {isa = PBXFileReference; fileEncoding = 4; lastKnownFileType = file.xib; path = SearchResultsCell.xib; sourceTree = "<group>"; };
		DD513B3120455AB00089836E /* ThumbnailGridViewController.swift */ = {isa = PBXFileReference; lastKnownFileType = sourcecode.swift; path = ThumbnailGridViewController.swift; sourceTree = "<group>"; };
		DD513B3320455AB80089836E /* ThumbnailGridCell.swift */ = {isa = PBXFileReference; fileEncoding = 4; lastKnownFileType = sourcecode.swift; name = ThumbnailGridCell.swift; path = ../../BookReader/BookReader/ThumbnailGridCell.swift; sourceTree = "<group>"; };
		DD513B382045710B0089836E /* Base */ = {isa = PBXFileReference; lastKnownFileType = file.xib; name = Base; path = ../../BookReader/BookReader/Base.lproj/ThumbnailGridCell.xib; sourceTree = "<group>"; };
/* End PBXFileReference section */

/* Begin PBXFrameworksBuildPhase section */
		D5A02EBE2018582400AE211D /* Frameworks */ = {
			isa = PBXFrameworksBuildPhase;
			buildActionMask = 2147483647;
			files = (
			);
			runOnlyForDeploymentPostprocessing = 0;
		};
/* End PBXFrameworksBuildPhase section */

/* Begin PBXGroup section */
		D5A02EB82018582400AE211D = {
			isa = PBXGroup;
			children = (
				D5A02EC32018582400AE211D /* RecordApp0124 */,
				D5A02EC22018582400AE211D /* Products */,
			);
			sourceTree = "<group>";
		};
		D5A02EC22018582400AE211D /* Products */ = {
			isa = PBXGroup;
			children = (
				D5A02EC12018582400AE211D /* RecordApp0124.app */,
			);
			name = Products;
			sourceTree = "<group>";
		};
		D5A02EC32018582400AE211D /* RecordApp0124 */ = {
			isa = PBXGroup;
			children = (
				D5798F4A20293A1F0059399C /* Human Respiratory.pdf */,
				D5A02EC62018582400AE211D /* ViewController.swift */,
				D58C523820319218002741AE /* AppDelegate.swift */,
				D58C523A2031922B002741AE /* FileViewController.swift */,
				D58C523B2031922B002741AE /* FolderViewController.swift */,
				D5A02EE32018658C00AE211D /* pdfViewController.swift */,
				DD513B3120455AB00089836E /* ThumbnailGridViewController.swift */,
				DD513B3320455AB80089836E /* ThumbnailGridCell.swift */,
				DD4CCB842045291A00BF9BDF /* SearchViewController.swift */,
				DD4CCB8620452B9600BF9BDF /* SearchResultsCell.swift */,
				D5A02EE5201867E600AE211D /* sideBarViewController.swift */,
				D5A02EE720186E6F00AE211D /* revealViewController.swift */,
				C24B9B0E2027F6EE00C2DD45 /* ButtonInfo.swift */,
				D5A02EC82018582400AE211D /* Main.storyboard */,
				DD513B2B204538F10089836E /* SearchResultsCell.xib */,
				DD513B372045710B0089836E /* ThumbnailGridCell.xib */,
				D5A02ECB2018582400AE211D /* Assets.xcassets */,
				D5A02ECD2018582400AE211D /* LaunchScreen.storyboard */,
				D581DFAE2024242800DF57A1 /* Info.plist */,
				D5F2260C201B1494009999DB /* Toolbar */,
			);
			path = RecordApp0124;
			sourceTree = "<group>";
		};
		D5F2260C201B1494009999DB /* Toolbar */ = {
			isa = PBXGroup;
			children = (
				D5F2260D201B1494009999DB /* Info.plist */,
				D5F2260E201B1494009999DB /* Toolbar.h */,
				D5F2260F201B1494009999DB /* Toolbar.swift */,
				D5F22610201B1494009999DB /* ToolbarItem.swift */,
			);
			path = Toolbar;
			sourceTree = "<group>";
		};
/* End PBXGroup section */

/* Begin PBXNativeTarget section */
		D5A02EC02018582400AE211D /* RecordApp0124 */ = {
			isa = PBXNativeTarget;
			buildConfigurationList = D5A02ED32018582400AE211D /* Build configuration list for PBXNativeTarget "RecordApp0124" */;
			buildPhases = (
				D5A02EBD2018582400AE211D /* Sources */,
				D5A02EBE2018582400AE211D /* Frameworks */,
				D5A02EBF2018582400AE211D /* Resources */,
			);
			buildRules = (
			);
			dependencies = (
			);
			name = RecordApp0124;
			productName = RecordApp0124;
			productReference = D5A02EC12018582400AE211D /* RecordApp0124.app */;
			productType = "com.apple.product-type.application";
		};
/* End PBXNativeTarget section */

/* Begin PBXProject section */
		D5A02EB92018582400AE211D /* Project object */ = {
			isa = PBXProject;
			attributes = {
				LastSwiftUpdateCheck = 0920;
				LastUpgradeCheck = 0920;
				ORGANIZATIONNAME = seok;
				TargetAttributes = {
					D5A02EC02018582400AE211D = {
						CreatedOnToolsVersion = 9.2;
						ProvisioningStyle = Automatic;
					};
				};
			};
			buildConfigurationList = D5A02EBC2018582400AE211D /* Build configuration list for PBXProject "RecordApp0201" */;
			compatibilityVersion = "Xcode 8.0";
			developmentRegion = en;
			hasScannedForEncodings = 0;
			knownRegions = (
				en,
				Base,
			);
			mainGroup = D5A02EB82018582400AE211D;
			productRefGroup = D5A02EC22018582400AE211D /* Products */;
			projectDirPath = "";
			projectRoot = "";
			targets = (
				D5A02EC02018582400AE211D /* RecordApp0124 */,
			);
		};
/* End PBXProject section */

/* Begin PBXResourcesBuildPhase section */
		D5A02EBF2018582400AE211D /* Resources */ = {
			isa = PBXResourcesBuildPhase;
			buildActionMask = 2147483647;
			files = (
				DD513B392045710C0089836E /* ThumbnailGridCell.xib in Resources */,
				D5F22611201B1495009999DB /* Info.plist in Resources */,
				D5A02ECF2018582400AE211D /* LaunchScreen.storyboard in Resources */,
				D5798F4B20293A1F0059399C /* Human Respiratory.pdf in Resources */,
				D5A02ECC2018582400AE211D /* Assets.xcassets in Resources */,
				D5A02ECA2018582400AE211D /* Main.storyboard in Resources */,
				DD513B2C204538F10089836E /* SearchResultsCell.xib in Resources */,
				D581DFAF2024242800DF57A1 /* Info.plist in Resources */,
			);
			runOnlyForDeploymentPostprocessing = 0;
		};
/* End PBXResourcesBuildPhase section */

/* Begin PBXSourcesBuildPhase section */
		D5A02EBD2018582400AE211D /* Sources */ = {
			isa = PBXSourcesBuildPhase;
			buildActionMask = 2147483647;
			files = (
				D58C523C2031922B002741AE /* FileViewController.swift in Sources */,
				DD4CCB852045291B00BF9BDF /* SearchViewController.swift in Sources */,
				D5A02EC72018582400AE211D /* ViewController.swift in Sources */,
				D5F22612201B1495009999DB /* Toolbar.swift in Sources */,
				D5A02EE6201867E600AE211D /* sideBarViewController.swift in Sources */,
				D5A02EE42018658C00AE211D /* pdfViewController.swift in Sources */,
				DD513B3420455AB80089836E /* ThumbnailGridCell.swift in Sources */,
				DD513B3220455AB00089836E /* ThumbnailGridViewController.swift in Sources */,
				DD4CCB8720452B9600BF9BDF /* SearchResultsCell.swift in Sources */,
				D5A02EE820186E6F00AE211D /* revealViewController.swift in Sources */,
				D58C523D2031922B002741AE /* FolderViewController.swift in Sources */,
				D5F22613201B1495009999DB /* ToolbarItem.swift in Sources */,
				D58C523920319218002741AE /* AppDelegate.swift in Sources */,
				C24B9B0F2027F6EE00C2DD45 /* ButtonInfo.swift in Sources */,
			);
			runOnlyForDeploymentPostprocessing = 0;
		};
/* End PBXSourcesBuildPhase section */

/* Begin PBXVariantGroup section */
		D5A02EC82018582400AE211D /* Main.storyboard */ = {
			isa = PBXVariantGroup;
			children = (
				D5A02EC92018582400AE211D /* Base */,
			);
			name = Main.storyboard;
			sourceTree = "<group>";
		};
		D5A02ECD2018582400AE211D /* LaunchScreen.storyboard */ = {
			isa = PBXVariantGroup;
			children = (
				D5A02ECE2018582400AE211D /* Base */,
			);
			name = LaunchScreen.storyboard;
			sourceTree = "<group>";
		};
		DD513B372045710B0089836E /* ThumbnailGridCell.xib */ = {
			isa = PBXVariantGroup;
			children = (
				DD513B382045710B0089836E /* Base */,
			);
			name = ThumbnailGridCell.xib;
			sourceTree = "<group>";
		};
/* End PBXVariantGroup section */

/* Begin XCBuildConfiguration section */
		D5A02ED12018582400AE211D /* Debug */ = {
			isa = XCBuildConfiguration;
			buildSettings = {
				ALWAYS_SEARCH_USER_PATHS = NO;
				CLANG_ANALYZER_NONNULL = YES;
				CLANG_ANALYZER_NUMBER_OBJECT_CONVERSION = YES_AGGRESSIVE;
				CLANG_CXX_LANGUAGE_STANDARD = "gnu++14";
				CLANG_CXX_LIBRARY = "libc++";
				CLANG_ENABLE_MODULES = YES;
				CLANG_ENABLE_OBJC_ARC = YES;
				CLANG_WARN_BLOCK_CAPTURE_AUTORELEASING = YES;
				CLANG_WARN_BOOL_CONVERSION = YES;
				CLANG_WARN_COMMA = YES;
				CLANG_WARN_CONSTANT_CONVERSION = YES;
				CLANG_WARN_DIRECT_OBJC_ISA_USAGE = YES_ERROR;
				CLANG_WARN_DOCUMENTATION_COMMENTS = YES;
				CLANG_WARN_EMPTY_BODY = YES;
				CLANG_WARN_ENUM_CONVERSION = YES;
				CLANG_WARN_INFINITE_RECURSION = YES;
				CLANG_WARN_INT_CONVERSION = YES;
				CLANG_WARN_NON_LITERAL_NULL_CONVERSION = YES;
				CLANG_WARN_OBJC_LITERAL_CONVERSION = YES;
				CLANG_WARN_OBJC_ROOT_CLASS = YES_ERROR;
				CLANG_WARN_RANGE_LOOP_ANALYSIS = YES;
				CLANG_WARN_STRICT_PROTOTYPES = YES;
				CLANG_WARN_SUSPICIOUS_MOVE = YES;
				CLANG_WARN_UNGUARDED_AVAILABILITY = YES_AGGRESSIVE;
				CLANG_WARN_UNREACHABLE_CODE = YES;
				CLANG_WARN__DUPLICATE_METHOD_MATCH = YES;
				CODE_SIGN_IDENTITY = "iPhone Developer";
				COPY_PHASE_STRIP = NO;
				DEBUG_INFORMATION_FORMAT = dwarf;
				ENABLE_STRICT_OBJC_MSGSEND = YES;
				ENABLE_TESTABILITY = YES;
				GCC_C_LANGUAGE_STANDARD = gnu11;
				GCC_DYNAMIC_NO_PIC = NO;
				GCC_NO_COMMON_BLOCKS = YES;
				GCC_OPTIMIZATION_LEVEL = 0;
				GCC_PREPROCESSOR_DEFINITIONS = (
					"DEBUG=1",
					"$(inherited)",
				);
				GCC_WARN_64_TO_32_BIT_CONVERSION = YES;
				GCC_WARN_ABOUT_RETURN_TYPE = YES_ERROR;
				GCC_WARN_UNDECLARED_SELECTOR = YES;
				GCC_WARN_UNINITIALIZED_AUTOS = YES_AGGRESSIVE;
				GCC_WARN_UNUSED_FUNCTION = YES;
				GCC_WARN_UNUSED_VARIABLE = YES;
				IPHONEOS_DEPLOYMENT_TARGET = 11.0;
				MTL_ENABLE_DEBUG_INFO = YES;
				ONLY_ACTIVE_ARCH = YES;
				SDKROOT = iphoneos;
				SWIFT_ACTIVE_COMPILATION_CONDITIONS = DEBUG;
				SWIFT_OPTIMIZATION_LEVEL = "-Onone";
			};
			name = Debug;
		};
		D5A02ED22018582400AE211D /* Release */ = {
			isa = XCBuildConfiguration;
			buildSettings = {
				ALWAYS_SEARCH_USER_PATHS = NO;
				CLANG_ANALYZER_NONNULL = YES;
				CLANG_ANALYZER_NUMBER_OBJECT_CONVERSION = YES_AGGRESSIVE;
				CLANG_CXX_LANGUAGE_STANDARD = "gnu++14";
				CLANG_CXX_LIBRARY = "libc++";
				CLANG_ENABLE_MODULES = YES;
				CLANG_ENABLE_OBJC_ARC = YES;
				CLANG_WARN_BLOCK_CAPTURE_AUTORELEASING = YES;
				CLANG_WARN_BOOL_CONVERSION = YES;
				CLANG_WARN_COMMA = YES;
				CLANG_WARN_CONSTANT_CONVERSION = YES;
				CLANG_WARN_DIRECT_OBJC_ISA_USAGE = YES_ERROR;
				CLANG_WARN_DOCUMENTATION_COMMENTS = YES;
				CLANG_WARN_EMPTY_BODY = YES;
				CLANG_WARN_ENUM_CONVERSION = YES;
				CLANG_WARN_INFINITE_RECURSION = YES;
				CLANG_WARN_INT_CONVERSION = YES;
				CLANG_WARN_NON_LITERAL_NULL_CONVERSION = YES;
				CLANG_WARN_OBJC_LITERAL_CONVERSION = YES;
				CLANG_WARN_OBJC_ROOT_CLASS = YES_ERROR;
				CLANG_WARN_RANGE_LOOP_ANALYSIS = YES;
				CLANG_WARN_STRICT_PROTOTYPES = YES;
				CLANG_WARN_SUSPICIOUS_MOVE = YES;
				CLANG_WARN_UNGUARDED_AVAILABILITY = YES_AGGRESSIVE;
				CLANG_WARN_UNREACHABLE_CODE = YES;
				CLANG_WARN__DUPLICATE_METHOD_MATCH = YES;
				CODE_SIGN_IDENTITY = "iPhone Developer";
				COPY_PHASE_STRIP = NO;
				DEBUG_INFORMATION_FORMAT = "dwarf-with-dsym";
				ENABLE_NS_ASSERTIONS = NO;
				ENABLE_STRICT_OBJC_MSGSEND = YES;
				GCC_C_LANGUAGE_STANDARD = gnu11;
				GCC_NO_COMMON_BLOCKS = YES;
				GCC_WARN_64_TO_32_BIT_CONVERSION = YES;
				GCC_WARN_ABOUT_RETURN_TYPE = YES_ERROR;
				GCC_WARN_UNDECLARED_SELECTOR = YES;
				GCC_WARN_UNINITIALIZED_AUTOS = YES_AGGRESSIVE;
				GCC_WARN_UNUSED_FUNCTION = YES;
				GCC_WARN_UNUSED_VARIABLE = YES;
				IPHONEOS_DEPLOYMENT_TARGET = 11.0;
				MTL_ENABLE_DEBUG_INFO = NO;
				SDKROOT = iphoneos;
				SWIFT_OPTIMIZATION_LEVEL = "-Owholemodule";
				VALIDATE_PRODUCT = YES;
			};
			name = Release;
		};
		D5A02ED42018582400AE211D /* Debug */ = {
			isa = XCBuildConfiguration;
			buildSettings = {
				ASSETCATALOG_COMPILER_APPICON_NAME = AppIcon;
				CODE_SIGN_STYLE = Automatic;
				DEVELOPMENT_TEAM = S73J37RQ69;
				INFOPLIST_FILE = RecordApp0124/Info.plist;
				IPHONEOS_DEPLOYMENT_TARGET = 11.0;
				LD_RUNPATH_SEARCH_PATHS = "$(inherited) @executable_path/Frameworks";
				PRODUCT_BUNDLE_IDENTIFIER = kr.ac.korea.RecordApp0124;
				PRODUCT_NAME = "$(TARGET_NAME)";
				SWIFT_VERSION = 4.0;
				TARGETED_DEVICE_FAMILY = "1,2";
			};
			name = Debug;
		};
		D5A02ED52018582400AE211D /* Release */ = {
			isa = XCBuildConfiguration;
			buildSettings = {
				ASSETCATALOG_COMPILER_APPICON_NAME = AppIcon;
				CODE_SIGN_STYLE = Automatic;
				DEVELOPMENT_TEAM = S73J37RQ69;
				INFOPLIST_FILE = RecordApp0124/Info.plist;
				IPHONEOS_DEPLOYMENT_TARGET = 11.0;
				LD_RUNPATH_SEARCH_PATHS = "$(inherited) @executable_path/Frameworks";
				PRODUCT_BUNDLE_IDENTIFIER = kr.ac.korea.RecordApp0124;
				PRODUCT_NAME = "$(TARGET_NAME)";
				SWIFT_VERSION = 4.0;
				TARGETED_DEVICE_FAMILY = "1,2";
			};
			name = Release;
		};
/* End XCBuildConfiguration section */

/* Begin XCConfigurationList section */
		D5A02EBC2018582400AE211D /* Build configuration list for PBXProject "RecordApp0201" */ = {
			isa = XCConfigurationList;
			buildConfigurations = (
				D5A02ED12018582400AE211D /* Debug */,
				D5A02ED22018582400AE211D /* Release */,
			);
			defaultConfigurationIsVisible = 0;
			defaultConfigurationName = Release;
		};
		D5A02ED32018582400AE211D /* Build configuration list for PBXNativeTarget "RecordApp0124" */ = {
			isa = XCConfigurationList;
			buildConfigurations = (
				D5A02ED42018582400AE211D /* Debug */,
				D5A02ED52018582400AE211D /* Release */,
			);
			defaultConfigurationIsVisible = 0;
			defaultConfigurationName = Release;
		};
/* End XCConfigurationList section */
	};
	rootObject = D5A02EB92018582400AE211D /* Project object */;
}
